
Microsoft Visual Studio Solution File, Format Version 12.00
Project("{2150E333-8FDC-42A3-9474-1A3956D46DE8}") = "framework", "framework", "{B565DC26-174A-4856-91B4-CC1F817A7E1E}"
EndProject
Project("{2150E333-8FDC-42A3-9474-1A3956D46DE8}") = "src", "src", "{DB3542E7-831D-47B0-8AF3-9AE524B4A25E}"
EndProject
Project("{FAE04EC0-301F-11D3-BF4B-00C04F79EFBC}") = "Gvn.GvnFramework.Core", "framework\src\Gvn.GvnFramework.Core\Gvn.GvnFramework.Core.csproj", "{B10B5D15-418D-49CA-A5AC-2DC3D562CF33}"
EndProject
Project("{FAE04EC0-301F-11D3-BF4B-00C04F79EFBC}") = "Gvn.GvnFramework.Modularity", "framework\src\Gvn.GvnFramework.Modularity\Gvn.GvnFramework.Modularity.csproj", "{DEBD44B8-AA88-4944-AFE7-BF8AF78FADAF}"
EndProject
Project("{FAE04EC0-301F-11D3-BF4B-00C04F79EFBC}") = "Gvn.GvnFramework.DepedencyInjection", "framework\src\Gvn.GvnFramework.DepedencyInjection\Gvn.GvnFramework.DepedencyInjection.csproj", "{425D0C74-6C36-405E-9683-045281D8165D}"
EndProject
Project("{FAE04EC0-301F-11D3-BF4B-00C04F79EFBC}") = "Gvn.GvnFramework.Domain", "framework\src\Gvn.GvnFramework.Domain\Gvn.GvnFramework.Domain.csproj", "{08E5CABC-5244-476B-A69F-DE3B725E4021}"
EndProject
Project("{FAE04EC0-301F-11D3-BF4B-00C04F79EFBC}") = "Gvn.GvnFramework.Application", "framework\src\Gvn.GvnFramework.Application\Gvn.GvnFramework.Application.csproj", "{3AD24AC1-1344-4A46-96FA-CC348F54CACE}"
EndProject
Project("{FAE04EC0-301F-11D3-BF4B-00C04F79EFBC}") = "Gvn.GvnFramework.EntityFramewokCore", "framework\src\Gvn.GvnFramework.EntityFramewokCore\Gvn.GvnFramework.EntityFramewokCore.csproj", "{606B3A06-84EF-466B-890D-4E3F45211FD3}"
EndProject
Project("{FAE04EC0-301F-11D3-BF4B-00C04F79EFBC}") = "Gvn.GvnFramework.AspNetCore", "framework\src\Gvn.GvnFramework.AspNetCore\Gvn.GvnFramework.AspNetCore.csproj", "{CDC66523-D324-4A6F-BEF5-C0F5C85B2909}"
EndProject
Project("{FAE04EC0-301F-11D3-BF4B-00C04F79EFBC}") = "Gvn.GvnFramework.Logging", "framework\src\Gvn.GvnFramework.Logging\Gvn.GvnFramework.Logging.csproj", "{900086CE-832D-4F52-814B-495F8BAF977D}"
EndProject
Project("{FAE04EC0-301F-11D3-BF4B-00C04F79EFBC}") = "Gvn.GvnFramework.Caching", "framework\src\Gvn.GvnFramework.Caching\Gvn.GvnFramework.Caching.csproj", "{87F753A8-C12C-4521-AD2D-75C8C31C735D}"
EndProject
Project("{FAE04EC0-301F-11D3-BF4B-00C04F79EFBC}") = "Gvn.GvnFramework.BackgroundJobs", "framework\src\Gvn.GvnFramework.BackgroundJobs\Gvn.GvnFramework.BackgroundJobs.csproj", "{ED9CE12B-00F5-4F4C-BD23-350CB18D8883}"
EndProject
Project("{FAE04EC0-301F-11D3-BF4B-00C04F79EFBC}") = "Gvn.GvnFramework.Security", "framework\src\Gvn.GvnFramework.Security\Gvn.GvnFramework.Security.csproj", "{AB6D2A1A-CDDC-4120-86BF-E6CB76F46370}"
EndProject
Project("{FAE04EC0-301F-11D3-BF4B-00C04F79EFBC}") = "Gvn.GvnFramework.Swagger", "framework\src\Gvn.GvnFramework.Swagger\Gvn.GvnFramework.Swagger.csproj", "{2CF1143D-0E2B-4519-832B-A26F1438D802}"
EndProject
Project("{2150E333-8FDC-42A3-9474-1A3956D46DE8}") = "Tests", "Tests", "{FDC48293-D9E7-42A6-BC06-BDEE31DFBE57}"
EndProject
Project("{2150E333-8FDC-42A3-9474-1A3956D46DE8}") = "Packs", "Packs", "{1F2C261E-DFA9-44A9-A7C0-967757E929CA}"
EndProject
Global
	GlobalSection(SolutionConfigurationPlatforms) = preSolution
		Debug|Any CPU = Debug|Any CPU
		Release|Any CPU = Release|Any CPU
	EndGlobalSection
	GlobalSection(NestedProjects) = preSolution
		{DB3542E7-831D-47B0-8AF3-9AE524B4A25E} = {B565DC26-174A-4856-91B4-CC1F817A7E1E}
		{B10B5D15-418D-49CA-A5AC-2DC3D562CF33} = {DB3542E7-831D-47B0-8AF3-9AE524B4A25E}
		{DEBD44B8-AA88-4944-AFE7-BF8AF78FADAF} = {DB3542E7-831D-47B0-8AF3-9AE524B4A25E}
		{425D0C74-6C36-405E-9683-045281D8165D} = {DB3542E7-831D-47B0-8AF3-9AE524B4A25E}
		{08E5CABC-5244-476B-A69F-DE3B725E4021} = {DB3542E7-831D-47B0-8AF3-9AE524B4A25E}
		{3AD24AC1-1344-4A46-96FA-CC348F54CACE} = {DB3542E7-831D-47B0-8AF3-9AE524B4A25E}
		{606B3A06-84EF-466B-890D-4E3F45211FD3} = {DB3542E7-831D-47B0-8AF3-9AE524B4A25E}
		{CDC66523-D324-4A6F-BEF5-C0F5C85B2909} = {DB3542E7-831D-47B0-8AF3-9AE524B4A25E}
		{900086CE-832D-4F52-814B-495F8BAF977D} = {DB3542E7-831D-47B0-8AF3-9AE524B4A25E}
		{87F753A8-C12C-4521-AD2D-75C8C31C735D} = {DB3542E7-831D-47B0-8AF3-9AE524B4A25E}
		{ED9CE12B-00F5-4F4C-BD23-350CB18D8883} = {DB3542E7-831D-47B0-8AF3-9AE524B4A25E}
		{AB6D2A1A-CDDC-4120-86BF-E6CB76F46370} = {DB3542E7-831D-47B0-8AF3-9AE524B4A25E}
		{2CF1143D-0E2B-4519-832B-A26F1438D802} = {DB3542E7-831D-47B0-8AF3-9AE524B4A25E}
		{FDC48293-D9E7-42A6-BC06-BDEE31DFBE57} = {B565DC26-174A-4856-91B4-CC1F817A7E1E}
		{1F2C261E-DFA9-44A9-A7C0-967757E929CA} = {B565DC26-174A-4856-91B4-CC1F817A7E1E}
	EndGlobalSection
	GlobalSection(ProjectConfigurationPlatforms) = postSolution
		{B10B5D15-418D-49CA-A5AC-2DC3D562CF33}.Debug|Any CPU.ActiveCfg = Debug|Any CPU
		{B10B5D15-418D-49CA-A5AC-2DC3D562CF33}.Debug|Any CPU.Build.0 = Debug|Any CPU
		{B10B5D15-418D-49CA-A5AC-2DC3D562CF33}.Release|Any CPU.ActiveCfg = Release|Any CPU
		{B10B5D15-418D-49CA-A5AC-2DC3D562CF33}.Release|Any CPU.Build.0 = Release|Any CPU
		{DEBD44B8-AA88-4944-AFE7-BF8AF78FADAF}.Debug|Any CPU.ActiveCfg = Debug|Any CPU
		{DEBD44B8-AA88-4944-AFE7-BF8AF78FADAF}.Debug|Any CPU.Build.0 = Debug|Any CPU
		{DEBD44B8-AA88-4944-AFE7-BF8AF78FADAF}.Release|Any CPU.ActiveCfg = Release|Any CPU
		{DEBD44B8-AA88-4944-AFE7-BF8AF78FADAF}.Release|Any CPU.Build.0 = Release|Any CPU
		{425D0C74-6C36-405E-9683-045281D8165D}.Debug|Any CPU.ActiveCfg = Debug|Any CPU
		{425D0C74-6C36-405E-9683-045281D8165D}.Debug|Any CPU.Build.0 = Debug|Any CPU
		{425D0C74-6C36-405E-9683-045281D8165D}.Release|Any CPU.ActiveCfg = Release|Any CPU
		{425D0C74-6C36-405E-9683-045281D8165D}.Release|Any CPU.Build.0 = Release|Any CPU
		{08E5CABC-5244-476B-A69F-DE3B725E4021}.Debug|Any CPU.ActiveCfg = Debug|Any CPU
		{08E5CABC-5244-476B-A69F-DE3B725E4021}.Debug|Any CPU.Build.0 = Debug|Any CPU
		{08E5CABC-5244-476B-A69F-DE3B725E4021}.Release|Any CPU.ActiveCfg = Release|Any CPU
		{08E5CABC-5244-476B-A69F-DE3B725E4021}.Release|Any CPU.Build.0 = Release|Any CPU
		{3AD24AC1-1344-4A46-96FA-CC348F54CACE}.Debug|Any CPU.ActiveCfg = Debug|Any CPU
		{3AD24AC1-1344-4A46-96FA-CC348F54CACE}.Debug|Any CPU.Build.0 = Debug|Any CPU
		{3AD24AC1-1344-4A46-96FA-CC348F54CACE}.Release|Any CPU.ActiveCfg = Release|Any CPU
		{3AD24AC1-1344-4A46-96FA-CC348F54CACE}.Release|Any CPU.Build.0 = Release|Any CPU
		{606B3A06-84EF-466B-890D-4E3F45211FD3}.Debug|Any CPU.ActiveCfg = Debug|Any CPU
		{606B3A06-84EF-466B-890D-4E3F45211FD3}.Debug|Any CPU.Build.0 = Debug|Any CPU
		{606B3A06-84EF-466B-890D-4E3F45211FD3}.Release|Any CPU.ActiveCfg = Release|Any CPU
		{606B3A06-84EF-466B-890D-4E3F45211FD3}.Release|Any CPU.Build.0 = Release|Any CPU
		{CDC66523-D324-4A6F-BEF5-C0F5C85B2909}.Debug|Any CPU.ActiveCfg = Debug|Any CPU
		{CDC66523-D324-4A6F-BEF5-C0F5C85B2909}.Debug|Any CPU.Build.0 = Debug|Any CPU
		{CDC66523-D324-4A6F-BEF5-C0F5C85B2909}.Release|Any CPU.ActiveCfg = Release|Any CPU
		{CDC66523-D324-4A6F-BEF5-C0F5C85B2909}.Release|Any CPU.Build.0 = Release|Any CPU
		{900086CE-832D-4F52-814B-495F8BAF977D}.Debug|Any CPU.ActiveCfg = Debug|Any CPU
		{900086CE-832D-4F52-814B-495F8BAF977D}.Debug|Any CPU.Build.0 = Debug|Any CPU
		{900086CE-832D-4F52-814B-495F8BAF977D}.Release|Any CPU.ActiveCfg = Release|Any CPU
		{900086CE-832D-4F52-814B-495F8BAF977D}.Release|Any CPU.Build.0 = Release|Any CPU
		{87F753A8-C12C-4521-AD2D-75C8C31C735D}.Debug|Any CPU.ActiveCfg = Debug|Any CPU
		{87F753A8-C12C-4521-AD2D-75C8C31C735D}.Debug|Any CPU.Build.0 = Debug|Any CPU
		{87F753A8-C12C-4521-AD2D-75C8C31C735D}.Release|Any CPU.ActiveCfg = Release|Any CPU
		{87F753A8-C12C-4521-AD2D-75C8C31C735D}.Release|Any CPU.Build.0 = Release|Any CPU
		{ED9CE12B-00F5-4F4C-BD23-350CB18D8883}.Debug|Any CPU.ActiveCfg = Debug|Any CPU
		{ED9CE12B-00F5-4F4C-BD23-350CB18D8883}.Debug|Any CPU.Build.0 = Debug|Any CPU
		{ED9CE12B-00F5-4F4C-BD23-350CB18D8883}.Release|Any CPU.ActiveCfg = Release|Any CPU
		{ED9CE12B-00F5-4F4C-BD23-350CB18D8883}.Release|Any CPU.Build.0 = Release|Any CPU
		{AB6D2A1A-CDDC-4120-86BF-E6CB76F46370}.Debug|Any CPU.ActiveCfg = Debug|Any CPU
		{AB6D2A1A-CDDC-4120-86BF-E6CB76F46370}.Debug|Any CPU.Build.0 = Debug|Any CPU
		{AB6D2A1A-CDDC-4120-86BF-E6CB76F46370}.Release|Any CPU.ActiveCfg = Release|Any CPU
		{AB6D2A1A-CDDC-4120-86BF-E6CB76F46370}.Release|Any CPU.Build.0 = Release|Any CPU
		{2CF1143D-0E2B-4519-832B-A26F1438D802}.Debug|Any CPU.ActiveCfg = Debug|Any CPU
		{2CF1143D-0E2B-4519-832B-A26F1438D802}.Debug|Any CPU.Build.0 = Debug|Any CPU
		{2CF1143D-0E2B-4519-832B-A26F1438D802}.Release|Any CPU.ActiveCfg = Release|Any CPU
		{2CF1143D-0E2B-4519-832B-A26F1438D802}.Release|Any CPU.Build.0 = Release|Any CPU
	EndGlobalSection
EndGlobal
